
Microsoft Visual Studio Solution File, Format Version 12.00
# Visual Studio 15
VisualStudioVersion = 15.0.28307.902
MinimumVisualStudioVersion = 10.0.40219.1
Project("{FAE04EC0-301F-11D3-BF4B-00C04F79EFBC}") = "WordsOfWisdom", "WordsOfWisdom\WordsOfWisdom.csproj", "{56CCDD33-D365-4CFB-8CFB-2DF0D2FD271E}"
EndProject
Global
	GlobalSection(SolutionConfigurationPlatforms) = preSolution
		Debug|Any CPU = Debug|Any CPU
		Release|Any CPU = Release|Any CPU
	EndGlobalSection
	GlobalSection(ProjectConfigurationPlatforms) = postSolution
		{56CCDD33-D365-4CFB-8CFB-2DF0D2FD271E}.Debug|Any CPU.ActiveCfg = Debug|Any CPU
		{56CCDD33-D365-4CFB-8CFB-2DF0D2FD271E}.Debug|Any CPU.Build.0 = Debug|Any CPU
		{56CCDD33-D365-4CFB-8CFB-2DF0D2FD271E}.Release|Any CPU.ActiveCfg = Release|Any CPU
		{56CCDD33-D365-4CFB-8CFB-2DF0D2FD271E}.Release|Any CPU.Build.0 = Release|Any CPU
	EndGlobalSection
	GlobalSection(SolutionProperties) = preSolution
		HideSolutionNode = FALSE
	EndGlobalSection
	GlobalSection(ExtensibilityGlobals) = postSolution
		SolutionGuid = {FB44DB51-2D77-48D2-B8FA-C7ADC7DE68E9}
	EndGlobalSection
EndGlobal
