
Microsoft Visual Studio Solution File, Format Version 12.00
# Visual Studio 15
VisualStudioVersion = 15.0.28307.902
MinimumVisualStudioVersion = 10.0.40219.1
Project("{FAE04EC0-301F-11D3-BF4B-00C04F79EFBC}") = "FineForOverdueBooks", "FineForOverdueBooks\FineForOverdueBooks.csproj", "{CAF518DE-E698-4205-900B-361AE6991BA2}"
EndProject
Global
	GlobalSection(SolutionConfigurationPlatforms) = preSolution
		Debug|Any CPU = Debug|Any CPU
		Release|Any CPU = Release|Any CPU
	EndGlobalSection
	GlobalSection(ProjectConfigurationPlatforms) = postSolution
		{CAF518DE-E698-4205-900B-361AE6991BA2}.Debug|Any CPU.ActiveCfg = Debug|Any CPU
		{CAF518DE-E698-4205-900B-361AE6991BA2}.Debug|Any CPU.Build.0 = Debug|Any CPU
		{CAF518DE-E698-4205-900B-361AE6991BA2}.Release|Any CPU.ActiveCfg = Release|Any CPU
		{CAF518DE-E698-4205-900B-361AE6991BA2}.Release|Any CPU.Build.0 = Release|Any CPU
	EndGlobalSection
	GlobalSection(SolutionProperties) = preSolution
		HideSolutionNode = FALSE
	EndGlobalSection
	GlobalSection(ExtensibilityGlobals) = postSolution
		SolutionGuid = {F25B62E8-EA10-42DA-885F-9E732D6BF184}
	EndGlobalSection
EndGlobal
